// !$*UTF8*$!
{
	archiveVersion = 1;
	classes = {
	};
	objectVersion = 48;
	objects = {

/* Begin PBXBuildFile section */
		223D92FB2046406600E27F29 /* CYAudioToolView.m in Sources */ = {isa = PBXBuildFile; fileRef = 223D92FA2046406600E27F29 /* CYAudioToolView.m */; };
		226EE5A22043B7FC00AF0C8E /* CYTabBarController.m in Sources */ = {isa = PBXBuildFile; fileRef = 226EE5A12043B7FC00AF0C8E /* CYTabBarController.m */; };
		226EE5A52043B81C00AF0C8E /* CYVideoListViewController.m in Sources */ = {isa = PBXBuildFile; fileRef = 226EE5A42043B81C00AF0C8E /* CYVideoListViewController.m */; };
		226EE5AB2043B84C00AF0C8E /* CYNavigationController.m in Sources */ = {isa = PBXBuildFile; fileRef = 226EE5AA2043B84C00AF0C8E /* CYNavigationController.m */; };
		226EE5AE2043B8C200AF0C8E /* CYBaseViewController.m in Sources */ = {isa = PBXBuildFile; fileRef = 226EE5AD2043B8C200AF0C8E /* CYBaseViewController.m */; };
		226EE5B12043BA1D00AF0C8E /* CYVideoNavigationController.m in Sources */ = {isa = PBXBuildFile; fileRef = 226EE5B02043BA1D00AF0C8E /* CYVideoNavigationController.m */; };
		226EE5B72043BC6B00AF0C8E /* CYAudioNavigationController.m in Sources */ = {isa = PBXBuildFile; fileRef = 226EE5B62043BC6B00AF0C8E /* CYAudioNavigationController.m */; };
		226EE5BD2043D86900AF0C8E /* CYAudioListViewController.m in Sources */ = {isa = PBXBuildFile; fileRef = 226EE5BC2043D86900AF0C8E /* CYAudioListViewController.m */; };
		226EE5C02043D8A800AF0C8E /* CYAudioPlayViewController.m in Sources */ = {isa = PBXBuildFile; fileRef = 226EE5BF2043D8A800AF0C8E /* CYAudioPlayViewController.m */; };
		226EE5C32043D8DD00AF0C8E /* CYVideoPlayViewController.m in Sources */ = {isa = PBXBuildFile; fileRef = 226EE5C22043D8DD00AF0C8E /* CYVideoPlayViewController.m */; };
		226EE5C82043E4FF00AF0C8E /* UIView+CYCategory.m in Sources */ = {isa = PBXBuildFile; fileRef = 226EE5C72043E4FF00AF0C8E /* UIView+CYCategory.m */; };
		226EE5D12043F4CE00AF0C8E /* UIImage+CYComond.m in Sources */ = {isa = PBXBuildFile; fileRef = 226EE5D02043F4CE00AF0C8E /* UIImage+CYComond.m */; };
		22BF5C902043A08B0076AEBB /* AppDelegate.m in Sources */ = {isa = PBXBuildFile; fileRef = 22BF5C8F2043A08B0076AEBB /* AppDelegate.m */; };
		22BF5C962043A08B0076AEBB /* Main.storyboard in Resources */ = {isa = PBXBuildFile; fileRef = 22BF5C942043A08B0076AEBB /* Main.storyboard */; };
		22BF5C982043A08B0076AEBB /* Assets.xcassets in Resources */ = {isa = PBXBuildFile; fileRef = 22BF5C972043A08B0076AEBB /* Assets.xcassets */; };
		22BF5C9B2043A08B0076AEBB /* LaunchScreen.storyboard in Resources */ = {isa = PBXBuildFile; fileRef = 22BF5C992043A08B0076AEBB /* LaunchScreen.storyboard */; };
		22BF5C9E2043A08B0076AEBB /* main.m in Sources */ = {isa = PBXBuildFile; fileRef = 22BF5C9D2043A08B0076AEBB /* main.m */; };
		22D945BF20452778000EA569 /* CYAudioManager.m in Sources */ = {isa = PBXBuildFile; fileRef = 22D945BE20452778000EA569 /* CYAudioManager.m */; };
		22D945C2204541DC000EA569 /* CYAudioTool.m in Sources */ = {isa = PBXBuildFile; fileRef = 22D945C1204541DC000EA569 /* CYAudioTool.m */; };
		22D945C4204545F2000EA569 /* xcc.mp3 in Resources */ = {isa = PBXBuildFile; fileRef = 22D945C3204545F2000EA569 /* xcc.mp3 */; };
		892132A30B3101A132B96CCB /* libPods-multimediaPlayer.a in Frameworks */ = {isa = PBXBuildFile; fileRef = EF2E06F1289729D8F4A514BD /* libPods-multimediaPlayer.a */; };
/* End PBXBuildFile section */

/* Begin PBXFileReference section */
		223D92F92046406600E27F29 /* CYAudioToolView.h */ = {isa = PBXFileReference; lastKnownFileType = sourcecode.c.h; path = CYAudioToolView.h; sourceTree = "<group>"; };
		223D92FA2046406600E27F29 /* CYAudioToolView.m */ = {isa = PBXFileReference; lastKnownFileType = sourcecode.c.objc; path = CYAudioToolView.m; sourceTree = "<group>"; };
		226EE5A02043B7FC00AF0C8E /* CYTabBarController.h */ = {isa = PBXFileReference; lastKnownFileType = sourcecode.c.h; path = CYTabBarController.h; sourceTree = "<group>"; };
		226EE5A12043B7FC00AF0C8E /* CYTabBarController.m */ = {isa = PBXFileReference; lastKnownFileType = sourcecode.c.objc; path = CYTabBarController.m; sourceTree = "<group>"; };
		226EE5A32043B81C00AF0C8E /* CYVideoListViewController.h */ = {isa = PBXFileReference; lastKnownFileType = sourcecode.c.h; path = CYVideoListViewController.h; sourceTree = "<group>"; };
		226EE5A42043B81C00AF0C8E /* CYVideoListViewController.m */ = {isa = PBXFileReference; lastKnownFileType = sourcecode.c.objc; path = CYVideoListViewController.m; sourceTree = "<group>"; };
		226EE5A92043B84C00AF0C8E /* CYNavigationController.h */ = {isa = PBXFileReference; lastKnownFileType = sourcecode.c.h; path = CYNavigationController.h; sourceTree = "<group>"; };
		226EE5AA2043B84C00AF0C8E /* CYNavigationController.m */ = {isa = PBXFileReference; lastKnownFileType = sourcecode.c.objc; path = CYNavigationController.m; sourceTree = "<group>"; };
		226EE5AC2043B8C200AF0C8E /* CYBaseViewController.h */ = {isa = PBXFileReference; lastKnownFileType = sourcecode.c.h; path = CYBaseViewController.h; sourceTree = "<group>"; };
		226EE5AD2043B8C200AF0C8E /* CYBaseViewController.m */ = {isa = PBXFileReference; lastKnownFileType = sourcecode.c.objc; path = CYBaseViewController.m; sourceTree = "<group>"; };
		226EE5AF2043BA1D00AF0C8E /* CYVideoNavigationController.h */ = {isa = PBXFileReference; lastKnownFileType = sourcecode.c.h; path = CYVideoNavigationController.h; sourceTree = "<group>"; };
		226EE5B02043BA1D00AF0C8E /* CYVideoNavigationController.m */ = {isa = PBXFileReference; lastKnownFileType = sourcecode.c.objc; path = CYVideoNavigationController.m; sourceTree = "<group>"; };
		226EE5B52043BC6B00AF0C8E /* CYAudioNavigationController.h */ = {isa = PBXFileReference; lastKnownFileType = sourcecode.c.h; path = CYAudioNavigationController.h; sourceTree = "<group>"; };
		226EE5B62043BC6B00AF0C8E /* CYAudioNavigationController.m */ = {isa = PBXFileReference; lastKnownFileType = sourcecode.c.objc; path = CYAudioNavigationController.m; sourceTree = "<group>"; };
		226EE5BB2043D86900AF0C8E /* CYAudioListViewController.h */ = {isa = PBXFileReference; lastKnownFileType = sourcecode.c.h; path = CYAudioListViewController.h; sourceTree = "<group>"; };
		226EE5BC2043D86900AF0C8E /* CYAudioListViewController.m */ = {isa = PBXFileReference; lastKnownFileType = sourcecode.c.objc; path = CYAudioListViewController.m; sourceTree = "<group>"; };
		226EE5BE2043D8A800AF0C8E /* CYAudioPlayViewController.h */ = {isa = PBXFileReference; lastKnownFileType = sourcecode.c.h; path = CYAudioPlayViewController.h; sourceTree = "<group>"; };
		226EE5BF2043D8A800AF0C8E /* CYAudioPlayViewController.m */ = {isa = PBXFileReference; lastKnownFileType = sourcecode.c.objc; path = CYAudioPlayViewController.m; sourceTree = "<group>"; };
		226EE5C12043D8DD00AF0C8E /* CYVideoPlayViewController.h */ = {isa = PBXFileReference; lastKnownFileType = sourcecode.c.h; path = CYVideoPlayViewController.h; sourceTree = "<group>"; };
		226EE5C22043D8DD00AF0C8E /* CYVideoPlayViewController.m */ = {isa = PBXFileReference; lastKnownFileType = sourcecode.c.objc; path = CYVideoPlayViewController.m; sourceTree = "<group>"; };
		226EE5C62043E4FF00AF0C8E /* UIView+CYCategory.h */ = {isa = PBXFileReference; lastKnownFileType = sourcecode.c.h; path = "UIView+CYCategory.h"; sourceTree = "<group>"; };
		226EE5C72043E4FF00AF0C8E /* UIView+CYCategory.m */ = {isa = PBXFileReference; lastKnownFileType = sourcecode.c.objc; path = "UIView+CYCategory.m"; sourceTree = "<group>"; };
		226EE5CB2043EB8700AF0C8E /* PrefixHeader.pch */ = {isa = PBXFileReference; lastKnownFileType = sourcecode.c.h; path = PrefixHeader.pch; sourceTree = "<group>"; };
		226EE5CF2043F4CE00AF0C8E /* UIImage+CYComond.h */ = {isa = PBXFileReference; lastKnownFileType = sourcecode.c.h; path = "UIImage+CYComond.h"; sourceTree = "<group>"; };
		226EE5D02043F4CE00AF0C8E /* UIImage+CYComond.m */ = {isa = PBXFileReference; lastKnownFileType = sourcecode.c.objc; path = "UIImage+CYComond.m"; sourceTree = "<group>"; };
		22BF5C8B2043A08B0076AEBB /* multimediaPlayer.app */ = {isa = PBXFileReference; explicitFileType = wrapper.application; includeInIndex = 0; path = multimediaPlayer.app; sourceTree = BUILT_PRODUCTS_DIR; };
		22BF5C8E2043A08B0076AEBB /* AppDelegate.h */ = {isa = PBXFileReference; lastKnownFileType = sourcecode.c.h; path = AppDelegate.h; sourceTree = "<group>"; };
		22BF5C8F2043A08B0076AEBB /* AppDelegate.m */ = {isa = PBXFileReference; lastKnownFileType = sourcecode.c.objc; path = AppDelegate.m; sourceTree = "<group>"; };
		22BF5C952043A08B0076AEBB /* Base */ = {isa = PBXFileReference; lastKnownFileType = file.storyboard; name = Base; path = Base.lproj/Main.storyboard; sourceTree = "<group>"; };
		22BF5C972043A08B0076AEBB /* Assets.xcassets */ = {isa = PBXFileReference; lastKnownFileType = folder.assetcatalog; path = Assets.xcassets; sourceTree = "<group>"; };
		22BF5C9A2043A08B0076AEBB /* Base */ = {isa = PBXFileReference; lastKnownFileType = file.storyboard; name = Base; path = Base.lproj/LaunchScreen.storyboard; sourceTree = "<group>"; };
		22BF5C9C2043A08B0076AEBB /* Info.plist */ = {isa = PBXFileReference; lastKnownFileType = text.plist.xml; path = Info.plist; sourceTree = "<group>"; };
		22BF5C9D2043A08B0076AEBB /* main.m */ = {isa = PBXFileReference; lastKnownFileType = sourcecode.c.objc; path = main.m; sourceTree = "<group>"; };
		22D945BD20452778000EA569 /* CYAudioManager.h */ = {isa = PBXFileReference; lastKnownFileType = sourcecode.c.h; path = CYAudioManager.h; sourceTree = "<group>"; };
		22D945BE20452778000EA569 /* CYAudioManager.m */ = {isa = PBXFileReference; lastKnownFileType = sourcecode.c.objc; path = CYAudioManager.m; sourceTree = "<group>"; };
		22D945C0204541DC000EA569 /* CYAudioTool.h */ = {isa = PBXFileReference; lastKnownFileType = sourcecode.c.h; path = CYAudioTool.h; sourceTree = "<group>"; };
		22D945C1204541DC000EA569 /* CYAudioTool.m */ = {isa = PBXFileReference; lastKnownFileType = sourcecode.c.objc; path = CYAudioTool.m; sourceTree = "<group>"; };
		22D945C3204545F2000EA569 /* xcc.mp3 */ = {isa = PBXFileReference; lastKnownFileType = audio.mp3; path = xcc.mp3; sourceTree = "<group>"; };
		7D44E3A87EC8725B9387B144 /* Pods-multimediaPlayer.debug.xcconfig */ = {isa = PBXFileReference; includeInIndex = 1; lastKnownFileType = text.xcconfig; name = "Pods-multimediaPlayer.debug.xcconfig"; path = "Pods/Target Support Files/Pods-multimediaPlayer/Pods-multimediaPlayer.debug.xcconfig"; sourceTree = "<group>"; };
		A86E814D33E9E43A1EC8E6AD /* Pods-multimediaPlayer.release.xcconfig */ = {isa = PBXFileReference; includeInIndex = 1; lastKnownFileType = text.xcconfig; name = "Pods-multimediaPlayer.release.xcconfig"; path = "Pods/Target Support Files/Pods-multimediaPlayer/Pods-multimediaPlayer.release.xcconfig"; sourceTree = "<group>"; };
		EF2E06F1289729D8F4A514BD /* libPods-multimediaPlayer.a */ = {isa = PBXFileReference; explicitFileType = archive.ar; includeInIndex = 0; path = "libPods-multimediaPlayer.a"; sourceTree = BUILT_PRODUCTS_DIR; };
/* End PBXFileReference section */

/* Begin PBXFrameworksBuildPhase section */
		22BF5C882043A08B0076AEBB /* Frameworks */ = {
			isa = PBXFrameworksBuildPhase;
			buildActionMask = 2147483647;
			files = (
				892132A30B3101A132B96CCB /* libPods-multimediaPlayer.a in Frameworks */,
			);
			runOnlyForDeploymentPostprocessing = 0;
		};
/* End PBXFrameworksBuildPhase section */

/* Begin PBXGroup section */
		223D92F82046401F00E27F29 /* AudioView */ = {
			isa = PBXGroup;
			children = (
				223D92F92046406600E27F29 /* CYAudioToolView.h */,
				223D92FA2046406600E27F29 /* CYAudioToolView.m */,
			);
			path = AudioView;
			sourceTree = "<group>";
		};
		226EE5C42043E4AF00AF0C8E /* Tool */ = {
			isa = PBXGroup;
			children = (
				22D945C0204541DC000EA569 /* CYAudioTool.h */,
				22D945C1204541DC000EA569 /* CYAudioTool.m */,
			);
			path = Tool;
			sourceTree = "<group>";
		};
		226EE5C52043E4BE00AF0C8E /* Category */ = {
			isa = PBXGroup;
			children = (
				226EE5C62043E4FF00AF0C8E /* UIView+CYCategory.h */,
				226EE5C72043E4FF00AF0C8E /* UIView+CYCategory.m */,
				226EE5CF2043F4CE00AF0C8E /* UIImage+CYComond.h */,
				226EE5D02043F4CE00AF0C8E /* UIImage+CYComond.m */,
			);
			path = Category;
			sourceTree = "<group>";
		};
		226EE5C92043EB4200AF0C8E /* Controller */ = {
			isa = PBXGroup;
			children = (
				226EE5A02043B7FC00AF0C8E /* CYTabBarController.h */,
				226EE5A12043B7FC00AF0C8E /* CYTabBarController.m */,
				226EE5A92043B84C00AF0C8E /* CYNavigationController.h */,
				226EE5AA2043B84C00AF0C8E /* CYNavigationController.m */,
				226EE5AC2043B8C200AF0C8E /* CYBaseViewController.h */,
				226EE5AD2043B8C200AF0C8E /* CYBaseViewController.m */,
			);
			path = Controller;
			sourceTree = "<group>";
		};
		22BF5C822043A08B0076AEBB = {
			isa = PBXGroup;
			children = (
				22BF5C8D2043A08B0076AEBB /* multimediaPlayer */,
				22BF5C8C2043A08B0076AEBB /* Products */,
				D1DF407D8B387C79D3C62E63 /* Pods */,
				52DA019481312CB995C95E7E /* Frameworks */,
			);
			sourceTree = "<group>";
		};
		22BF5C8C2043A08B0076AEBB /* Products */ = {
			isa = PBXGroup;
			children = (
				22BF5C8B2043A08B0076AEBB /* multimediaPlayer.app */,
			);
			name = Products;
			sourceTree = "<group>";
		};
		22BF5C8D2043A08B0076AEBB /* multimediaPlayer */ = {
			isa = PBXGroup;
			children = (
				22BF5CA42043A69F0076AEBB /* Class */,
				22BF5C942043A08B0076AEBB /* Main.storyboard */,
				22BF5C972043A08B0076AEBB /* Assets.xcassets */,
				22BF5C992043A08B0076AEBB /* LaunchScreen.storyboard */,
				22BF5C9C2043A08B0076AEBB /* Info.plist */,
				22D945C3204545F2000EA569 /* xcc.mp3 */,
				22BF5C9D2043A08B0076AEBB /* main.m */,
			);
			path = multimediaPlayer;
			sourceTree = "<group>";
		};
		22BF5CA42043A69F0076AEBB /* Class */ = {
			isa = PBXGroup;
			children = (
				223D92F82046401F00E27F29 /* AudioView */,
				22D945BB20452743000EA569 /* Manager */,
				226EE5C52043E4BE00AF0C8E /* Category */,
				226EE5C42043E4AF00AF0C8E /* Tool */,
				22BF5CA72043A6D50076AEBB /* Main */,
				22BF5CA62043A6C40076AEBB /* Video */,
				22BF5CA52043A6A80076AEBB /* Audio */,
			);
			path = Class;
			sourceTree = "<group>";
		};
		22BF5CA52043A6A80076AEBB /* Audio */ = {
			isa = PBXGroup;
			children = (
				226EE5B52043BC6B00AF0C8E /* CYAudioNavigationController.h */,
				226EE5B62043BC6B00AF0C8E /* CYAudioNavigationController.m */,
				226EE5BB2043D86900AF0C8E /* CYAudioListViewController.h */,
				226EE5BC2043D86900AF0C8E /* CYAudioListViewController.m */,
				226EE5BE2043D8A800AF0C8E /* CYAudioPlayViewController.h */,
				226EE5BF2043D8A800AF0C8E /* CYAudioPlayViewController.m */,
			);
			path = Audio;
			sourceTree = "<group>";
		};
		22BF5CA62043A6C40076AEBB /* Video */ = {
			isa = PBXGroup;
			children = (
				226EE5AF2043BA1D00AF0C8E /* CYVideoNavigationController.h */,
				226EE5B02043BA1D00AF0C8E /* CYVideoNavigationController.m */,
				226EE5A32043B81C00AF0C8E /* CYVideoListViewController.h */,
				226EE5A42043B81C00AF0C8E /* CYVideoListViewController.m */,
				226EE5C12043D8DD00AF0C8E /* CYVideoPlayViewController.h */,
				226EE5C22043D8DD00AF0C8E /* CYVideoPlayViewController.m */,
			);
			path = Video;
			sourceTree = "<group>";
		};
		22BF5CA72043A6D50076AEBB /* Main */ = {
			isa = PBXGroup;
			children = (
				226EE5C92043EB4200AF0C8E /* Controller */,
				22BF5C8E2043A08B0076AEBB /* AppDelegate.h */,
				22BF5C8F2043A08B0076AEBB /* AppDelegate.m */,
				226EE5CB2043EB8700AF0C8E /* PrefixHeader.pch */,
			);
			path = Main;
			sourceTree = "<group>";
		};
		22D945BB20452743000EA569 /* Manager */ = {
			isa = PBXGroup;
			children = (
				22D945BD20452778000EA569 /* CYAudioManager.h */,
				22D945BE20452778000EA569 /* CYAudioManager.m */,
			);
			path = Manager;
			sourceTree = "<group>";
		};
		52DA019481312CB995C95E7E /* Frameworks */ = {
			isa = PBXGroup;
			children = (
				EF2E06F1289729D8F4A514BD /* libPods-multimediaPlayer.a */,
			);
			name = Frameworks;
			sourceTree = "<group>";
		};
		D1DF407D8B387C79D3C62E63 /* Pods */ = {
			isa = PBXGroup;
			children = (
				7D44E3A87EC8725B9387B144 /* Pods-multimediaPlayer.debug.xcconfig */,
				A86E814D33E9E43A1EC8E6AD /* Pods-multimediaPlayer.release.xcconfig */,
			);
			name = Pods;
			sourceTree = "<group>";
		};
/* End PBXGroup section */

/* Begin PBXNativeTarget section */
		22BF5C8A2043A08B0076AEBB /* multimediaPlayer */ = {
			isa = PBXNativeTarget;
			buildConfigurationList = 22BF5CA12043A08B0076AEBB /* Build configuration list for PBXNativeTarget "multimediaPlayer" */;
			buildPhases = (
				ADA39FB25422A906C4B7CF82 /* [CP] Check Pods Manifest.lock */,
				22BF5C872043A08B0076AEBB /* Sources */,
				22BF5C882043A08B0076AEBB /* Frameworks */,
				22BF5C892043A08B0076AEBB /* Resources */,
				5FE3CBDC8C95B20A885AB22E /* [CP] Embed Pods Frameworks */,
				B799952B0FEEC6BCC6D85C94 /* [CP] Copy Pods Resources */,
			);
			buildRules = (
			);
			dependencies = (
			);
			name = multimediaPlayer;
			productName = multimediaPlayer;
			productReference = 22BF5C8B2043A08B0076AEBB /* multimediaPlayer.app */;
			productType = "com.apple.product-type.application";
		};
/* End PBXNativeTarget section */

/* Begin PBXProject section */
		22BF5C832043A08B0076AEBB /* Project object */ = {
			isa = PBXProject;
			attributes = {
				CLASSPREFIX = CY;
				LastUpgradeCheck = 0920;
				ORGANIZATIONNAME = ccy;
				TargetAttributes = {
					22BF5C8A2043A08B0076AEBB = {
						CreatedOnToolsVersion = 9.2;
						ProvisioningStyle = Automatic;
						SystemCapabilities = {
							com.apple.BackgroundModes = {
								enabled = 1;
							};
						};
					};
				};
			};
			buildConfigurationList = 22BF5C862043A08B0076AEBB /* Build configuration list for PBXProject "multimediaPlayer" */;
			compatibilityVersion = "Xcode 8.0";
			developmentRegion = en;
			hasScannedForEncodings = 0;
			knownRegions = (
				en,
				Base,
			);
			mainGroup = 22BF5C822043A08B0076AEBB;
			productRefGroup = 22BF5C8C2043A08B0076AEBB /* Products */;
			projectDirPath = "";
			projectRoot = "";
			targets = (
				22BF5C8A2043A08B0076AEBB /* multimediaPlayer */,
			);
		};
/* End PBXProject section */

/* Begin PBXResourcesBuildPhase section */
		22BF5C892043A08B0076AEBB /* Resources */ = {
			isa = PBXResourcesBuildPhase;
			buildActionMask = 2147483647;
			files = (
				22BF5C9B2043A08B0076AEBB /* LaunchScreen.storyboard in Resources */,
				22BF5C982043A08B0076AEBB /* Assets.xcassets in Resources */,
				22D945C4204545F2000EA569 /* xcc.mp3 in Resources */,
				22BF5C962043A08B0076AEBB /* Main.storyboard in Resources */,
			);
			runOnlyForDeploymentPostprocessing = 0;
		};
/* End PBXResourcesBuildPhase section */

/* Begin PBXShellScriptBuildPhase section */
		5FE3CBDC8C95B20A885AB22E /* [CP] Embed Pods Frameworks */ = {
			isa = PBXShellScriptBuildPhase;
			buildActionMask = 2147483647;
			files = (
			);
			inputPaths = (
			);
			name = "[CP] Embed Pods Frameworks";
			outputPaths = (
			);
			runOnlyForDeploymentPostprocessing = 0;
			shellPath = /bin/sh;
			shellScript = "\"${SRCROOT}/Pods/Target Support Files/Pods-multimediaPlayer/Pods-multimediaPlayer-frameworks.sh\"\n";
			showEnvVarsInLog = 0;
		};
		ADA39FB25422A906C4B7CF82 /* [CP] Check Pods Manifest.lock */ = {
			isa = PBXShellScriptBuildPhase;
			buildActionMask = 2147483647;
			files = (
			);
			inputPaths = (
				"${PODS_PODFILE_DIR_PATH}/Podfile.lock",
				"${PODS_ROOT}/Manifest.lock",
			);
			name = "[CP] Check Pods Manifest.lock";
			outputPaths = (
				"$(DERIVED_FILE_DIR)/Pods-multimediaPlayer-checkManifestLockResult.txt",
			);
			runOnlyForDeploymentPostprocessing = 0;
			shellPath = /bin/sh;
			shellScript = "diff \"${PODS_PODFILE_DIR_PATH}/Podfile.lock\" \"${PODS_ROOT}/Manifest.lock\" > /dev/null\nif [ $? != 0 ] ; then\n    # print error to STDERR\n    echo \"error: The sandbox is not in sync with the Podfile.lock. Run 'pod install' or update your CocoaPods installation.\" >&2\n    exit 1\nfi\n# This output is used by Xcode 'outputs' to avoid re-running this script phase.\necho \"SUCCESS\" > \"${SCRIPT_OUTPUT_FILE_0}\"\n";
			showEnvVarsInLog = 0;
		};
		B799952B0FEEC6BCC6D85C94 /* [CP] Copy Pods Resources */ = {
			isa = PBXShellScriptBuildPhase;
			buildActionMask = 2147483647;
			files = (
			);
			inputPaths = (
				"${SRCROOT}/Pods/Target Support Files/Pods-multimediaPlayer/Pods-multimediaPlayer-resources.sh",
				"${PODS_ROOT}/GPUImage/framework/Resources/lookup.png",
				"${PODS_ROOT}/GPUImage/framework/Resources/lookup_amatorka.png",
				"${PODS_ROOT}/GPUImage/framework/Resources/lookup_miss_etikate.png",
				"${PODS_ROOT}/GPUImage/framework/Resources/lookup_soft_elegance_1.png",
				"${PODS_ROOT}/GPUImage/framework/Resources/lookup_soft_elegance_2.png",
			);
			name = "[CP] Copy Pods Resources";
			outputPaths = (
				"${TARGET_BUILD_DIR}/${UNLOCALIZED_RESOURCES_FOLDER_PATH}/lookup.png",
				"${TARGET_BUILD_DIR}/${UNLOCALIZED_RESOURCES_FOLDER_PATH}/lookup_amatorka.png",
				"${TARGET_BUILD_DIR}/${UNLOCALIZED_RESOURCES_FOLDER_PATH}/lookup_miss_etikate.png",
				"${TARGET_BUILD_DIR}/${UNLOCALIZED_RESOURCES_FOLDER_PATH}/lookup_soft_elegance_1.png",
				"${TARGET_BUILD_DIR}/${UNLOCALIZED_RESOURCES_FOLDER_PATH}/lookup_soft_elegance_2.png",
			);
			runOnlyForDeploymentPostprocessing = 0;
			shellPath = /bin/sh;
			shellScript = "\"${SRCROOT}/Pods/Target Support Files/Pods-multimediaPlayer/Pods-multimediaPlayer-resources.sh\"\n";
			showEnvVarsInLog = 0;
		};
/* End PBXShellScriptBuildPhase section */

/* Begin PBXSourcesBuildPhase section */
		22BF5C872043A08B0076AEBB /* Sources */ = {
			isa = PBXSourcesBuildPhase;
			buildActionMask = 2147483647;
			files = (
				226EE5A52043B81C00AF0C8E /* CYVideoListViewController.m in Sources */,
				22BF5C9E2043A08B0076AEBB /* main.m in Sources */,
				226EE5B72043BC6B00AF0C8E /* CYAudioNavigationController.m in Sources */,
				223D92FB2046406600E27F29 /* CYAudioToolView.m in Sources */,
				22BF5C902043A08B0076AEBB /* AppDelegate.m in Sources */,
				226EE5A22043B7FC00AF0C8E /* CYTabBarController.m in Sources */,
				226EE5AE2043B8C200AF0C8E /* CYBaseViewController.m in Sources */,
				226EE5D12043F4CE00AF0C8E /* UIImage+CYComond.m in Sources */,
				226EE5AB2043B84C00AF0C8E /* CYNavigationController.m in Sources */,
				226EE5C32043D8DD00AF0C8E /* CYVideoPlayViewController.m in Sources */,
				226EE5C82043E4FF00AF0C8E /* UIView+CYCategory.m in Sources */,
				22D945BF20452778000EA569 /* CYAudioManager.m in Sources */,
				226EE5BD2043D86900AF0C8E /* CYAudioListViewController.m in Sources */,
				226EE5B12043BA1D00AF0C8E /* CYVideoNavigationController.m in Sources */,
				22D945C2204541DC000EA569 /* CYAudioTool.m in Sources */,
				226EE5C02043D8A800AF0C8E /* CYAudioPlayViewController.m in Sources */,
			);
			runOnlyForDeploymentPostprocessing = 0;
		};
/* End PBXSourcesBuildPhase section */

/* Begin PBXVariantGroup section */
		22BF5C942043A08B0076AEBB /* Main.storyboard */ = {
			isa = PBXVariantGroup;
			children = (
				22BF5C952043A08B0076AEBB /* Base */,
			);
			name = Main.storyboard;
			sourceTree = "<group>";
		};
		22BF5C992043A08B0076AEBB /* LaunchScreen.storyboard */ = {
			isa = PBXVariantGroup;
			children = (
				22BF5C9A2043A08B0076AEBB /* Base */,
			);
			name = LaunchScreen.storyboard;
			sourceTree = "<group>";
		};
/* End PBXVariantGroup section */

/* Begin XCBuildConfiguration section */
		22BF5C9F2043A08B0076AEBB /* Debug */ = {
			isa = XCBuildConfiguration;
			buildSettings = {
				ALWAYS_SEARCH_USER_PATHS = NO;
				CLANG_ANALYZER_NONNULL = YES;
				CLANG_ANALYZER_NUMBER_OBJECT_CONVERSION = YES_AGGRESSIVE;
				CLANG_CXX_LANGUAGE_STANDARD = "gnu++14";
				CLANG_CXX_LIBRARY = "libc++";
				CLANG_ENABLE_MODULES = YES;
				CLANG_ENABLE_OBJC_ARC = YES;
				CLANG_WARN_BLOCK_CAPTURE_AUTORELEASING = YES;
				CLANG_WARN_BOOL_CONVERSION = YES;
				CLANG_WARN_COMMA = YES;
				CLANG_WARN_CONSTANT_CONVERSION = YES;
				CLANG_WARN_DIRECT_OBJC_ISA_USAGE = YES_ERROR;
				CLANG_WARN_DOCUMENTATION_COMMENTS = YES;
				CLANG_WARN_EMPTY_BODY = YES;
				CLANG_WARN_ENUM_CONVERSION = YES;
				CLANG_WARN_INFINITE_RECURSION = YES;
				CLANG_WARN_INT_CONVERSION = YES;
				CLANG_WARN_NON_LITERAL_NULL_CONVERSION = YES;
				CLANG_WARN_OBJC_LITERAL_CONVERSION = YES;
				CLANG_WARN_OBJC_ROOT_CLASS = YES_ERROR;
				CLANG_WARN_RANGE_LOOP_ANALYSIS = YES;
				CLANG_WARN_STRICT_PROTOTYPES = YES;
				CLANG_WARN_SUSPICIOUS_MOVE = YES;
				CLANG_WARN_UNGUARDED_AVAILABILITY = YES_AGGRESSIVE;
				CLANG_WARN_UNREACHABLE_CODE = YES;
				CLANG_WARN__DUPLICATE_METHOD_MATCH = YES;
				CODE_SIGN_IDENTITY = "iPhone Developer";
				COPY_PHASE_STRIP = NO;
				DEBUG_INFORMATION_FORMAT = dwarf;
				ENABLE_STRICT_OBJC_MSGSEND = YES;
				ENABLE_TESTABILITY = YES;
				GCC_C_LANGUAGE_STANDARD = gnu11;
				GCC_DYNAMIC_NO_PIC = NO;
				GCC_NO_COMMON_BLOCKS = YES;
				GCC_OPTIMIZATION_LEVEL = 0;
				GCC_PREPROCESSOR_DEFINITIONS = (
					"DEBUG=1",
					"$(inherited)",
				);
				GCC_WARN_64_TO_32_BIT_CONVERSION = YES;
				GCC_WARN_ABOUT_RETURN_TYPE = YES_ERROR;
				GCC_WARN_UNDECLARED_SELECTOR = YES;
				GCC_WARN_UNINITIALIZED_AUTOS = YES_AGGRESSIVE;
				GCC_WARN_UNUSED_FUNCTION = YES;
				GCC_WARN_UNUSED_VARIABLE = YES;
				IPHONEOS_DEPLOYMENT_TARGET = 11.2;
				MTL_ENABLE_DEBUG_INFO = YES;
				ONLY_ACTIVE_ARCH = YES;
				SDKROOT = iphoneos;
			};
			name = Debug;
		};
		22BF5CA02043A08B0076AEBB /* Release */ = {
			isa = XCBuildConfiguration;
			buildSettings = {
				ALWAYS_SEARCH_USER_PATHS = NO;
				CLANG_ANALYZER_NONNULL = YES;
				CLANG_ANALYZER_NUMBER_OBJECT_CONVERSION = YES_AGGRESSIVE;
				CLANG_CXX_LANGUAGE_STANDARD = "gnu++14";
				CLANG_CXX_LIBRARY = "libc++";
				CLANG_ENABLE_MODULES = YES;
				CLANG_ENABLE_OBJC_ARC = YES;
				CLANG_WARN_BLOCK_CAPTURE_AUTORELEASING = YES;
				CLANG_WARN_BOOL_CONVERSION = YES;
				CLANG_WARN_COMMA = YES;
				CLANG_WARN_CONSTANT_CONVERSION = YES;
				CLANG_WARN_DIRECT_OBJC_ISA_USAGE = YES_ERROR;
				CLANG_WARN_DOCUMENTATION_COMMENTS = YES;
				CLANG_WARN_EMPTY_BODY = YES;
				CLANG_WARN_ENUM_CONVERSION = YES;
				CLANG_WARN_INFINITE_RECURSION = YES;
				CLANG_WARN_INT_CONVERSION = YES;
				CLANG_WARN_NON_LITERAL_NULL_CONVERSION = YES;
				CLANG_WARN_OBJC_LITERAL_CONVERSION = YES;
				CLANG_WARN_OBJC_ROOT_CLASS = YES_ERROR;
				CLANG_WARN_RANGE_LOOP_ANALYSIS = YES;
				CLANG_WARN_STRICT_PROTOTYPES = YES;
				CLANG_WARN_SUSPICIOUS_MOVE = YES;
				CLANG_WARN_UNGUARDED_AVAILABILITY = YES_AGGRESSIVE;
				CLANG_WARN_UNREACHABLE_CODE = YES;
				CLANG_WARN__DUPLICATE_METHOD_MATCH = YES;
				CODE_SIGN_IDENTITY = "iPhone Developer";
				COPY_PHASE_STRIP = NO;
				DEBUG_INFORMATION_FORMAT = "dwarf-with-dsym";
				ENABLE_NS_ASSERTIONS = NO;
				ENABLE_STRICT_OBJC_MSGSEND = YES;
				GCC_C_LANGUAGE_STANDARD = gnu11;
				GCC_NO_COMMON_BLOCKS = YES;
				GCC_WARN_64_TO_32_BIT_CONVERSION = YES;
				GCC_WARN_ABOUT_RETURN_TYPE = YES_ERROR;
				GCC_WARN_UNDECLARED_SELECTOR = YES;
				GCC_WARN_UNINITIALIZED_AUTOS = YES_AGGRESSIVE;
				GCC_WARN_UNUSED_FUNCTION = YES;
				GCC_WARN_UNUSED_VARIABLE = YES;
				IPHONEOS_DEPLOYMENT_TARGET = 11.2;
				MTL_ENABLE_DEBUG_INFO = NO;
				SDKROOT = iphoneos;
				VALIDATE_PRODUCT = YES;
			};
			name = Release;
		};
		22BF5CA22043A08B0076AEBB /* Debug */ = {
			isa = XCBuildConfiguration;
			baseConfigurationReference = 7D44E3A87EC8725B9387B144 /* Pods-multimediaPlayer.debug.xcconfig */;
			buildSettings = {
				ASSETCATALOG_COMPILER_APPICON_NAME = AppIcon;
				ASSETCATALOG_COMPILER_LAUNCHIMAGE_NAME = LaunchImage;
				CODE_SIGN_STYLE = Automatic;
				DEVELOPMENT_TEAM = GW9KE2DAPT;
				GCC_PREFIX_HEADER = "$(SRCROOT)/multimediaPlayer/Class/Main/PrefixHeader.pch";
				INFOPLIST_FILE = multimediaPlayer/Info.plist;
				IPHONEOS_DEPLOYMENT_TARGET = 9.0;
				LD_RUNPATH_SEARCH_PATHS = "$(inherited) @executable_path/Frameworks";
				PRODUCT_BUNDLE_IDENTIFIER = ccy.com.multimediaPlayer;
				PRODUCT_NAME = "$(TARGET_NAME)";
				TARGETED_DEVICE_FAMILY = "1,2";
			};
			name = Debug;
		};
		22BF5CA32043A08B0076AEBB /* Release */ = {
			isa = XCBuildConfiguration;
			baseConfigurationReference = A86E814D33E9E43A1EC8E6AD /* Pods-multimediaPlayer.release.xcconfig */;
			buildSettings = {
				ASSETCATALOG_COMPILER_APPICON_NAME = AppIcon;
				ASSETCATALOG_COMPILER_LAUNCHIMAGE_NAME = LaunchImage;
				CODE_SIGN_STYLE = Automatic;
				DEVELOPMENT_TEAM = GW9KE2DAPT;
				GCC_PREFIX_HEADER = "$(SRCROOT)/multimediaPlayer/Class/Main/PrefixHeader.pch";
				INFOPLIST_FILE = multimediaPlayer/Info.plist;
				IPHONEOS_DEPLOYMENT_TARGET = 9.0;
				LD_RUNPATH_SEARCH_PATHS = "$(inherited) @executable_path/Frameworks";
				PRODUCT_BUNDLE_IDENTIFIER = ccy.com.multimediaPlayer;
				PRODUCT_NAME = "$(TARGET_NAME)";
				TARGETED_DEVICE_FAMILY = "1,2";
			};
			name = Release;
		};
/* End XCBuildConfiguration section */

/* Begin XCConfigurationList section */
		22BF5C862043A08B0076AEBB /* Build configuration list for PBXProject "multimediaPlayer" */ = {
			isa = XCConfigurationList;
			buildConfigurations = (
				22BF5C9F2043A08B0076AEBB /* Debug */,
				22BF5CA02043A08B0076AEBB /* Release */,
			);
			defaultConfigurationIsVisible = 0;
			defaultConfigurationName = Release;
		};
		22BF5CA12043A08B0076AEBB /* Build configuration list for PBXNativeTarget "multimediaPlayer" */ = {
			isa = XCConfigurationList;
			buildConfigurations = (
				22BF5CA22043A08B0076AEBB /* Debug */,
				22BF5CA32043A08B0076AEBB /* Release */,
			);
			defaultConfigurationIsVisible = 0;
			defaultConfigurationName = Release;
		};
/* End XCConfigurationList section */
	};
	rootObject = 22BF5C832043A08B0076AEBB /* Project object */;
}
